
Microsoft Visual Studio Solution File, Format Version 12.00
Project("{2150E333-8FDC-42A3-9474-1A3956D46DE8}") = "src", "src", "{276AC2AC-C944-45E3-A228-A78D9EBB65C6}"
EndProject
Project("{2150E333-8FDC-42A3-9474-1A3956D46DE8}") = "Core", "Core", "{F0BB638C-CC59-4CA9-BE18-631ABD02F00B}"
EndProject
Project("{FAE04EC0-301F-11D3-BF4B-00C04F79EFBC}") = "ECommerceSample.Domain", "ECommerceSample.Domain\ECommerceSample.Domain.csproj", "{21371173-41BB-4DF2-8EB5-22ACDB884C7D}"
EndProject
Project("{FAE04EC0-301F-11D3-BF4B-00C04F79EFBC}") = "ECommerceSample.Application", "ECommerceSample.Application\ECommerceSample.Application.csproj", "{C1DB6FAA-33E6-4B6D-87A9-64C3E5204FCD}"
EndProject
Project("{2150E333-8FDC-42A3-9474-1A3956D46DE8}") = "Infrastructure", "Infrastructure", "{0E1E0268-C81A-4719-BCF5-4AA2CE944E5D}"
EndProject
Project("{FAE04EC0-301F-11D3-BF4B-00C04F79EFBC}") = "ECommerceSample.Infrastructure", "ECommerceSample.Infrastructure\ECommerceSample.Infrastructure.csproj", "{DFB9D71E-DD20-469D-A5E1-40B0059EC500}"
EndProject
Project("{FAE04EC0-301F-11D3-BF4B-00C04F79EFBC}") = "ECommerceSample.Persistence", "ECommerceSample.Persistence\ECommerceSample.Persistence.csproj", "{E2F9E13C-D937-4CA0-A210-940576B1A4D3}"
EndProject
Project("{2150E333-8FDC-42A3-9474-1A3956D46DE8}") = "Presentation", "Presentation", "{9A705FFB-3BF1-4448-BFAE-A993AA2D070D}"
EndProject
Project("{FAE04EC0-301F-11D3-BF4B-00C04F79EFBC}") = "ECommerceSample.WebAPI", "ECommerceSample.WebAPI\ECommerceSample.WebAPI.csproj", "{FE8B9F53-CD38-49BD-93E2-A6053C625F57}"
EndProject
Global
	GlobalSection(SolutionConfigurationPlatforms) = preSolution
		Debug|Any CPU = Debug|Any CPU
		Release|Any CPU = Release|Any CPU
	EndGlobalSection
	GlobalSection(NestedProjects) = preSolution
		{F0BB638C-CC59-4CA9-BE18-631ABD02F00B} = {276AC2AC-C944-45E3-A228-A78D9EBB65C6}
		{21371173-41BB-4DF2-8EB5-22ACDB884C7D} = {F0BB638C-CC59-4CA9-BE18-631ABD02F00B}
		{C1DB6FAA-33E6-4B6D-87A9-64C3E5204FCD} = {F0BB638C-CC59-4CA9-BE18-631ABD02F00B}
		{0E1E0268-C81A-4719-BCF5-4AA2CE944E5D} = {276AC2AC-C944-45E3-A228-A78D9EBB65C6}
		{DFB9D71E-DD20-469D-A5E1-40B0059EC500} = {0E1E0268-C81A-4719-BCF5-4AA2CE944E5D}
		{E2F9E13C-D937-4CA0-A210-940576B1A4D3} = {0E1E0268-C81A-4719-BCF5-4AA2CE944E5D}
		{9A705FFB-3BF1-4448-BFAE-A993AA2D070D} = {276AC2AC-C944-45E3-A228-A78D9EBB65C6}
		{FE8B9F53-CD38-49BD-93E2-A6053C625F57} = {9A705FFB-3BF1-4448-BFAE-A993AA2D070D}
	EndGlobalSection
	GlobalSection(ProjectConfigurationPlatforms) = postSolution
		{21371173-41BB-4DF2-8EB5-22ACDB884C7D}.Debug|Any CPU.ActiveCfg = Debug|Any CPU
		{21371173-41BB-4DF2-8EB5-22ACDB884C7D}.Debug|Any CPU.Build.0 = Debug|Any CPU
		{21371173-41BB-4DF2-8EB5-22ACDB884C7D}.Release|Any CPU.ActiveCfg = Release|Any CPU
		{21371173-41BB-4DF2-8EB5-22ACDB884C7D}.Release|Any CPU.Build.0 = Release|Any CPU
		{C1DB6FAA-33E6-4B6D-87A9-64C3E5204FCD}.Debug|Any CPU.ActiveCfg = Debug|Any CPU
		{C1DB6FAA-33E6-4B6D-87A9-64C3E5204FCD}.Debug|Any CPU.Build.0 = Debug|Any CPU
		{C1DB6FAA-33E6-4B6D-87A9-64C3E5204FCD}.Release|Any CPU.ActiveCfg = Release|Any CPU
		{C1DB6FAA-33E6-4B6D-87A9-64C3E5204FCD}.Release|Any CPU.Build.0 = Release|Any CPU
		{DFB9D71E-DD20-469D-A5E1-40B0059EC500}.Debug|Any CPU.ActiveCfg = Debug|Any CPU
		{DFB9D71E-DD20-469D-A5E1-40B0059EC500}.Debug|Any CPU.Build.0 = Debug|Any CPU
		{DFB9D71E-DD20-469D-A5E1-40B0059EC500}.Release|Any CPU.ActiveCfg = Release|Any CPU
		{DFB9D71E-DD20-469D-A5E1-40B0059EC500}.Release|Any CPU.Build.0 = Release|Any CPU
		{E2F9E13C-D937-4CA0-A210-940576B1A4D3}.Debug|Any CPU.ActiveCfg = Debug|Any CPU
		{E2F9E13C-D937-4CA0-A210-940576B1A4D3}.Debug|Any CPU.Build.0 = Debug|Any CPU
		{E2F9E13C-D937-4CA0-A210-940576B1A4D3}.Release|Any CPU.ActiveCfg = Release|Any CPU
		{E2F9E13C-D937-4CA0-A210-940576B1A4D3}.Release|Any CPU.Build.0 = Release|Any CPU
		{FE8B9F53-CD38-49BD-93E2-A6053C625F57}.Debug|Any CPU.ActiveCfg = Debug|Any CPU
		{FE8B9F53-CD38-49BD-93E2-A6053C625F57}.Debug|Any CPU.Build.0 = Debug|Any CPU
		{FE8B9F53-CD38-49BD-93E2-A6053C625F57}.Release|Any CPU.ActiveCfg = Release|Any CPU
		{FE8B9F53-CD38-49BD-93E2-A6053C625F57}.Release|Any CPU.Build.0 = Release|Any CPU
	EndGlobalSection
EndGlobal
